
Microsoft Visual Studio Solution File, Format Version 12.00
# Visual Studio Version 16
VisualStudioVersion = 16.0.30413.136
MinimumVisualStudioVersion = 10.0.40219.1
Project("{FAE04EC0-301F-11D3-BF4B-00C04F79EFBC}") = "Week6Arrays", "Week6Arrays\Week6Arrays.csproj", "{F7B9D2B1-91BD-44CB-A2A8-25413AF3CE53}"
EndProject
Project("{FAE04EC0-301F-11D3-BF4B-00C04F79EFBC}") = "WardrobePicker", "WardrobePicker\WardrobePicker.csproj", "{EB477760-528B-40F2-816E-CAB886750703}"
EndProject
Project("{FAE04EC0-301F-11D3-BF4B-00C04F79EFBC}") = "UserAgainstZombies", "UserAgainstZombies\UserAgainstZombies.csproj", "{207A25E3-0B8C-4AE1-8B04-F3AC5F3FFADD}"
EndProject
Global
	GlobalSection(SolutionConfigurationPlatforms) = preSolution
		Debug|Any CPU = Debug|Any CPU
		Release|Any CPU = Release|Any CPU
	EndGlobalSection
	GlobalSection(ProjectConfigurationPlatforms) = postSolution
		{F7B9D2B1-91BD-44CB-A2A8-25413AF3CE53}.Debug|Any CPU.ActiveCfg = Debug|Any CPU
		{F7B9D2B1-91BD-44CB-A2A8-25413AF3CE53}.Debug|Any CPU.Build.0 = Debug|Any CPU
		{F7B9D2B1-91BD-44CB-A2A8-25413AF3CE53}.Release|Any CPU.ActiveCfg = Release|Any CPU
		{F7B9D2B1-91BD-44CB-A2A8-25413AF3CE53}.Release|Any CPU.Build.0 = Release|Any CPU
		{EB477760-528B-40F2-816E-CAB886750703}.Debug|Any CPU.ActiveCfg = Debug|Any CPU
		{EB477760-528B-40F2-816E-CAB886750703}.Debug|Any CPU.Build.0 = Debug|Any CPU
		{EB477760-528B-40F2-816E-CAB886750703}.Release|Any CPU.ActiveCfg = Release|Any CPU
		{EB477760-528B-40F2-816E-CAB886750703}.Release|Any CPU.Build.0 = Release|Any CPU
		{207A25E3-0B8C-4AE1-8B04-F3AC5F3FFADD}.Debug|Any CPU.ActiveCfg = Debug|Any CPU
		{207A25E3-0B8C-4AE1-8B04-F3AC5F3FFADD}.Debug|Any CPU.Build.0 = Debug|Any CPU
		{207A25E3-0B8C-4AE1-8B04-F3AC5F3FFADD}.Release|Any CPU.ActiveCfg = Release|Any CPU
		{207A25E3-0B8C-4AE1-8B04-F3AC5F3FFADD}.Release|Any CPU.Build.0 = Release|Any CPU
	EndGlobalSection
	GlobalSection(SolutionProperties) = preSolution
		HideSolutionNode = FALSE
	EndGlobalSection
	GlobalSection(ExtensibilityGlobals) = postSolution
		SolutionGuid = {A18057E2-F40B-4BFF-9D0F-E53BC5B43CE7}
	EndGlobalSection
EndGlobal
